
Microsoft Visual Studio Solution File, Format Version 12.00
# Visual Studio 2012
Project("{FAE04EC0-301F-11D3-BF4B-00C04F79EFBC}") = "houseMate.Service", "houseMateService\houseMate.Service.csproj", "{D439E530-A249-4CA7-8F3F-383AC012508B}"
EndProject
Project("{FAE04EC0-301F-11D3-BF4B-00C04F79EFBC}") = "houseMate.DAL", "DAL\houseMate.DAL.csproj", "{C59A8BB0-1F1E-4998-B165-67068904E751}"
EndProject
Project("{FAE04EC0-301F-11D3-BF4B-00C04F79EFBC}") = "houseMate.BL", "BL\houseMate.BL.csproj", "{1482D3BE-F20D-42DE-94A2-C2069BD814FC}"
EndProject
Project("{FAE04EC0-301F-11D3-BF4B-00C04F79EFBC}") = "houseMate.Model", "Model\houseMate.Model.csproj", "{99F1C6A6-6EED-4E20-8A57-2A71EAD367BF}"
EndProject
Global
	GlobalSection(SolutionConfigurationPlatforms) = preSolution
		Debug|Any CPU = Debug|Any CPU
		Release|Any CPU = Release|Any CPU
	EndGlobalSection
	GlobalSection(ProjectConfigurationPlatforms) = postSolution
		{D439E530-A249-4CA7-8F3F-383AC012508B}.Debug|Any CPU.ActiveCfg = Debug|Any CPU
		{D439E530-A249-4CA7-8F3F-383AC012508B}.Debug|Any CPU.Build.0 = Debug|Any CPU
		{D439E530-A249-4CA7-8F3F-383AC012508B}.Release|Any CPU.ActiveCfg = Release|Any CPU
		{D439E530-A249-4CA7-8F3F-383AC012508B}.Release|Any CPU.Build.0 = Release|Any CPU
		{C59A8BB0-1F1E-4998-B165-67068904E751}.Debug|Any CPU.ActiveCfg = Debug|Any CPU
		{C59A8BB0-1F1E-4998-B165-67068904E751}.Debug|Any CPU.Build.0 = Debug|Any CPU
		{C59A8BB0-1F1E-4998-B165-67068904E751}.Release|Any CPU.ActiveCfg = Release|Any CPU
		{C59A8BB0-1F1E-4998-B165-67068904E751}.Release|Any CPU.Build.0 = Release|Any CPU
		{1482D3BE-F20D-42DE-94A2-C2069BD814FC}.Debug|Any CPU.ActiveCfg = Debug|Any CPU
		{1482D3BE-F20D-42DE-94A2-C2069BD814FC}.Debug|Any CPU.Build.0 = Debug|Any CPU
		{1482D3BE-F20D-42DE-94A2-C2069BD814FC}.Release|Any CPU.ActiveCfg = Release|Any CPU
		{1482D3BE-F20D-42DE-94A2-C2069BD814FC}.Release|Any CPU.Build.0 = Release|Any CPU
		{99F1C6A6-6EED-4E20-8A57-2A71EAD367BF}.Debug|Any CPU.ActiveCfg = Debug|Any CPU
		{99F1C6A6-6EED-4E20-8A57-2A71EAD367BF}.Debug|Any CPU.Build.0 = Debug|Any CPU
		{99F1C6A6-6EED-4E20-8A57-2A71EAD367BF}.Release|Any CPU.ActiveCfg = Release|Any CPU
		{99F1C6A6-6EED-4E20-8A57-2A71EAD367BF}.Release|Any CPU.Build.0 = Release|Any CPU
	EndGlobalSection
	GlobalSection(SolutionProperties) = preSolution
		HideSolutionNode = FALSE
	EndGlobalSection
EndGlobal
